// !$*UTF8*$!
{
	archiveVersion = 1;
	classes = {
	};
	objectVersion = 50;
	objects = {

/* Begin PBXBuildFile section */
		8226FD7724326ECD00FEA6E5 /* AppDelegate.swift in Sources */ = {isa = PBXBuildFile; fileRef = 8226FD7624326ECD00FEA6E5 /* AppDelegate.swift */; };
		8226FD7924326ECE00FEA6E5 /* SceneDelegate.swift in Sources */ = {isa = PBXBuildFile; fileRef = 8226FD7824326ECE00FEA6E5 /* SceneDelegate.swift */; };
		8226FD7C24326ECE00FEA6E5 /* project12.xcdatamodeld in Sources */ = {isa = PBXBuildFile; fileRef = 8226FD7A24326ECE00FEA6E5 /* project12.xcdatamodeld */; };
		8226FD7E24326ECE00FEA6E5 /* ContentView.swift in Sources */ = {isa = PBXBuildFile; fileRef = 8226FD7D24326ECE00FEA6E5 /* ContentView.swift */; };
		8226FD8024326ECF00FEA6E5 /* Assets.xcassets in Resources */ = {isa = PBXBuildFile; fileRef = 8226FD7F24326ECF00FEA6E5 /* Assets.xcassets */; };
		8226FD8324326ECF00FEA6E5 /* Preview Assets.xcassets in Resources */ = {isa = PBXBuildFile; fileRef = 8226FD8224326ECF00FEA6E5 /* Preview Assets.xcassets */; };
		8226FD8624326ECF00FEA6E5 /* LaunchScreen.storyboard in Resources */ = {isa = PBXBuildFile; fileRef = 8226FD8424326ECF00FEA6E5 /* LaunchScreen.storyboard */; };
		8226FD8F24326F5300FEA6E5 /* Singer+CoreDataClass.swift in Sources */ = {isa = PBXBuildFile; fileRef = 8226FD8D24326F5300FEA6E5 /* Singer+CoreDataClass.swift */; };
		8226FD9024326F5300FEA6E5 /* Singer+CoreDataProperties.swift in Sources */ = {isa = PBXBuildFile; fileRef = 8226FD8E24326F5300FEA6E5 /* Singer+CoreDataProperties.swift */; };
		8226FD922432708F00FEA6E5 /* FilteredList.swift in Sources */ = {isa = PBXBuildFile; fileRef = 8226FD912432708F00FEA6E5 /* FilteredList.swift */; };
/* End PBXBuildFile section */

/* Begin PBXFileReference section */
		8226FD7324326ECD00FEA6E5 /* project12.app */ = {isa = PBXFileReference; explicitFileType = wrapper.application; includeInIndex = 0; path = project12.app; sourceTree = BUILT_PRODUCTS_DIR; };
		8226FD7624326ECD00FEA6E5 /* AppDelegate.swift */ = {isa = PBXFileReference; lastKnownFileType = sourcecode.swift; path = AppDelegate.swift; sourceTree = "<group>"; };
		8226FD7824326ECE00FEA6E5 /* SceneDelegate.swift */ = {isa = PBXFileReference; lastKnownFileType = sourcecode.swift; path = SceneDelegate.swift; sourceTree = "<group>"; };
		8226FD7B24326ECE00FEA6E5 /* project12.xcdatamodel */ = {isa = PBXFileReference; lastKnownFileType = wrapper.xcdatamodel; path = project12.xcdatamodel; sourceTree = "<group>"; };
		8226FD7D24326ECE00FEA6E5 /* ContentView.swift */ = {isa = PBXFileReference; lastKnownFileType = sourcecode.swift; path = ContentView.swift; sourceTree = "<group>"; };
		8226FD7F24326ECF00FEA6E5 /* Assets.xcassets */ = {isa = PBXFileReference; lastKnownFileType = folder.assetcatalog; path = Assets.xcassets; sourceTree = "<group>"; };
		8226FD8224326ECF00FEA6E5 /* Preview Assets.xcassets */ = {isa = PBXFileReference; lastKnownFileType = folder.assetcatalog; path = "Preview Assets.xcassets"; sourceTree = "<group>"; };
		8226FD8524326ECF00FEA6E5 /* Base */ = {isa = PBXFileReference; lastKnownFileType = file.storyboard; name = Base; path = Base.lproj/LaunchScreen.storyboard; sourceTree = "<group>"; };
		8226FD8724326ECF00FEA6E5 /* Info.plist */ = {isa = PBXFileReference; lastKnownFileType = text.plist.xml; path = Info.plist; sourceTree = "<group>"; };
		8226FD8D24326F5300FEA6E5 /* Singer+CoreDataClass.swift */ = {isa = PBXFileReference; lastKnownFileType = sourcecode.swift; path = "Singer+CoreDataClass.swift"; sourceTree = SOURCE_ROOT; };
		8226FD8E24326F5300FEA6E5 /* Singer+CoreDataProperties.swift */ = {isa = PBXFileReference; lastKnownFileType = sourcecode.swift; path = "Singer+CoreDataProperties.swift"; sourceTree = SOURCE_ROOT; };
		8226FD912432708F00FEA6E5 /* FilteredList.swift */ = {isa = PBXFileReference; lastKnownFileType = sourcecode.swift; path = FilteredList.swift; sourceTree = "<group>"; };
/* End PBXFileReference section */

/* Begin PBXFrameworksBuildPhase section */
		8226FD7024326ECD00FEA6E5 /* Frameworks */ = {
			isa = PBXFrameworksBuildPhase;
			buildActionMask = 2147483647;
			files = (
			);
			runOnlyForDeploymentPostprocessing = 0;
		};
/* End PBXFrameworksBuildPhase section */

/* Begin PBXGroup section */
		8226FD6A24326ECD00FEA6E5 = {
			isa = PBXGroup;
			children = (
				8226FD7524326ECD00FEA6E5 /* project12 */,
				8226FD7424326ECD00FEA6E5 /* Products */,
			);
			sourceTree = "<group>";
		};
		8226FD7424326ECD00FEA6E5 /* Products */ = {
			isa = PBXGroup;
			children = (
				8226FD7324326ECD00FEA6E5 /* project12.app */,
			);
			name = Products;
			sourceTree = "<group>";
		};
		8226FD7524326ECD00FEA6E5 /* project12 */ = {
			isa = PBXGroup;
			children = (
				8226FD8D24326F5300FEA6E5 /* Singer+CoreDataClass.swift */,
				8226FD8E24326F5300FEA6E5 /* Singer+CoreDataProperties.swift */,
				8226FD7624326ECD00FEA6E5 /* AppDelegate.swift */,
				8226FD7824326ECE00FEA6E5 /* SceneDelegate.swift */,
				8226FD7D24326ECE00FEA6E5 /* ContentView.swift */,
				8226FD7F24326ECF00FEA6E5 /* Assets.xcassets */,
				8226FD8424326ECF00FEA6E5 /* LaunchScreen.storyboard */,
				8226FD8724326ECF00FEA6E5 /* Info.plist */,
				8226FD7A24326ECE00FEA6E5 /* project12.xcdatamodeld */,
				8226FD8124326ECF00FEA6E5 /* Preview Content */,
				8226FD912432708F00FEA6E5 /* FilteredList.swift */,
			);
			path = project12;
			sourceTree = "<group>";
		};
		8226FD8124326ECF00FEA6E5 /* Preview Content */ = {
			isa = PBXGroup;
			children = (
				8226FD8224326ECF00FEA6E5 /* Preview Assets.xcassets */,
			);
			path = "Preview Content";
			sourceTree = "<group>";
		};
/* End PBXGroup section */

/* Begin PBXNativeTarget section */
		8226FD7224326ECD00FEA6E5 /* project12 */ = {
			isa = PBXNativeTarget;
			buildConfigurationList = 8226FD8A24326ECF00FEA6E5 /* Build configuration list for PBXNativeTarget "project12" */;
			buildPhases = (
				8226FD6F24326ECD00FEA6E5 /* Sources */,
				8226FD7024326ECD00FEA6E5 /* Frameworks */,
				8226FD7124326ECD00FEA6E5 /* Resources */,
			);
			buildRules = (
			);
			dependencies = (
			);
			name = project12;
			productName = project12;
			productReference = 8226FD7324326ECD00FEA6E5 /* project12.app */;
			productType = "com.apple.product-type.application";
		};
/* End PBXNativeTarget section */

/* Begin PBXProject section */
		8226FD6B24326ECD00FEA6E5 /* Project object */ = {
			isa = PBXProject;
			attributes = {
				LastSwiftUpdateCheck = 1140;
				LastUpgradeCheck = 1140;
				ORGANIZATIONNAME = Sc0tt;
				TargetAttributes = {
					8226FD7224326ECD00FEA6E5 = {
						CreatedOnToolsVersion = 11.4;
					};
				};
			};
			buildConfigurationList = 8226FD6E24326ECD00FEA6E5 /* Build configuration list for PBXProject "project12" */;
			compatibilityVersion = "Xcode 9.3";
			developmentRegion = en;
			hasScannedForEncodings = 0;
			knownRegions = (
				en,
				Base,
			);
			mainGroup = 8226FD6A24326ECD00FEA6E5;
			productRefGroup = 8226FD7424326ECD00FEA6E5 /* Products */;
			projectDirPath = "";
			projectRoot = "";
			targets = (
				8226FD7224326ECD00FEA6E5 /* project12 */,
			);
		};
/* End PBXProject section */

/* Begin PBXResourcesBuildPhase section */
		8226FD7124326ECD00FEA6E5 /* Resources */ = {
			isa = PBXResourcesBuildPhase;
			buildActionMask = 2147483647;
			files = (
				8226FD8624326ECF00FEA6E5 /* LaunchScreen.storyboard in Resources */,
				8226FD8324326ECF00FEA6E5 /* Preview Assets.xcassets in Resources */,
				8226FD8024326ECF00FEA6E5 /* Assets.xcassets in Resources */,
			);
			runOnlyForDeploymentPostprocessing = 0;
		};
/* End PBXResourcesBuildPhase section */

/* Begin PBXSourcesBuildPhase section */
		8226FD6F24326ECD00FEA6E5 /* Sources */ = {
			isa = PBXSourcesBuildPhase;
			buildActionMask = 2147483647;
			files = (
				8226FD7724326ECD00FEA6E5 /* AppDelegate.swift in Sources */,
				8226FD9024326F5300FEA6E5 /* Singer+CoreDataProperties.swift in Sources */,
				8226FD7C24326ECE00FEA6E5 /* project12.xcdatamodeld in Sources */,
				8226FD8F24326F5300FEA6E5 /* Singer+CoreDataClass.swift in Sources */,
				8226FD7E24326ECE00FEA6E5 /* ContentView.swift in Sources */,
				8226FD7924326ECE00FEA6E5 /* SceneDelegate.swift in Sources */,
				8226FD922432708F00FEA6E5 /* FilteredList.swift in Sources */,
			);
			runOnlyForDeploymentPostprocessing = 0;
		};
/* End PBXSourcesBuildPhase section */

/* Begin PBXVariantGroup section */
		8226FD8424326ECF00FEA6E5 /* LaunchScreen.storyboard */ = {
			isa = PBXVariantGroup;
			children = (
				8226FD8524326ECF00FEA6E5 /* Base */,
			);
			name = LaunchScreen.storyboard;
			sourceTree = "<group>";
		};
/* End PBXVariantGroup section */

/* Begin XCBuildConfiguration section */
		8226FD8824326ECF00FEA6E5 /* Debug */ = {
			isa = XCBuildConfiguration;
			buildSettings = {
				ALWAYS_SEARCH_USER_PATHS = NO;
				CLANG_ANALYZER_NONNULL = YES;
				CLANG_ANALYZER_NUMBER_OBJECT_CONVERSION = YES_AGGRESSIVE;
				CLANG_CXX_LANGUAGE_STANDARD = "gnu++14";
				CLANG_CXX_LIBRARY = "libc++";
				CLANG_ENABLE_MODULES = YES;
				CLANG_ENABLE_OBJC_ARC = YES;
				CLANG_ENABLE_OBJC_WEAK = YES;
				CLANG_WARN_BLOCK_CAPTURE_AUTORELEASING = YES;
				CLANG_WARN_BOOL_CONVERSION = YES;
				CLANG_WARN_COMMA = YES;
				CLANG_WARN_CONSTANT_CONVERSION = YES;
				CLANG_WARN_DEPRECATED_OBJC_IMPLEMENTATIONS = YES;
				CLANG_WARN_DIRECT_OBJC_ISA_USAGE = YES_ERROR;
				CLANG_WARN_DOCUMENTATION_COMMENTS = YES;
				CLANG_WARN_EMPTY_BODY = YES;
				CLANG_WARN_ENUM_CONVERSION = YES;
				CLANG_WARN_INFINITE_RECURSION = YES;
				CLANG_WARN_INT_CONVERSION = YES;
				CLANG_WARN_NON_LITERAL_NULL_CONVERSION = YES;
				CLANG_WARN_OBJC_IMPLICIT_RETAIN_SELF = YES;
				CLANG_WARN_OBJC_LITERAL_CONVERSION = YES;
				CLANG_WARN_OBJC_ROOT_CLASS = YES_ERROR;
				CLANG_WARN_RANGE_LOOP_ANALYSIS = YES;
				CLANG_WARN_STRICT_PROTOTYPES = YES;
				CLANG_WARN_SUSPICIOUS_MOVE = YES;
				CLANG_WARN_UNGUARDED_AVAILABILITY = YES_AGGRESSIVE;
				CLANG_WARN_UNREACHABLE_CODE = YES;
				CLANG_WARN__DUPLICATE_METHOD_MATCH = YES;
				COPY_PHASE_STRIP = NO;
				DEBUG_INFORMATION_FORMAT = dwarf;
				ENABLE_STRICT_OBJC_MSGSEND = YES;
				ENABLE_TESTABILITY = YES;
				GCC_C_LANGUAGE_STANDARD = gnu11;
				GCC_DYNAMIC_NO_PIC = NO;
				GCC_NO_COMMON_BLOCKS = YES;
				GCC_OPTIMIZATION_LEVEL = 0;
				GCC_PREPROCESSOR_DEFINITIONS = (
					"DEBUG=1",
					"$(inherited)",
				);
				GCC_WARN_64_TO_32_BIT_CONVERSION = YES;
				GCC_WARN_ABOUT_RETURN_TYPE = YES_ERROR;
				GCC_WARN_UNDECLARED_SELECTOR = YES;
				GCC_WARN_UNINITIALIZED_AUTOS = YES_AGGRESSIVE;
				GCC_WARN_UNUSED_FUNCTION = YES;
				GCC_WARN_UNUSED_VARIABLE = YES;
				IPHONEOS_DEPLOYMENT_TARGET = 13.4;
				MTL_ENABLE_DEBUG_INFO = INCLUDE_SOURCE;
				MTL_FAST_MATH = YES;
				ONLY_ACTIVE_ARCH = YES;
				SDKROOT = iphoneos;
				SWIFT_ACTIVE_COMPILATION_CONDITIONS = DEBUG;
				SWIFT_OPTIMIZATION_LEVEL = "-Onone";
			};
			name = Debug;
		};
		8226FD8924326ECF00FEA6E5 /* Release */ = {
			isa = XCBuildConfiguration;
			buildSettings = {
				ALWAYS_SEARCH_USER_PATHS = NO;
				CLANG_ANALYZER_NONNULL = YES;
				CLANG_ANALYZER_NUMBER_OBJECT_CONVERSION = YES_AGGRESSIVE;
				CLANG_CXX_LANGUAGE_STANDARD = "gnu++14";
				CLANG_CXX_LIBRARY = "libc++";
				CLANG_ENABLE_MODULES = YES;
				CLANG_ENABLE_OBJC_ARC = YES;
				CLANG_ENABLE_OBJC_WEAK = YES;
				CLANG_WARN_BLOCK_CAPTURE_AUTORELEASING = YES;
				CLANG_WARN_BOOL_CONVERSION = YES;
				CLANG_WARN_COMMA = YES;
				CLANG_WARN_CONSTANT_CONVERSION = YES;
				CLANG_WARN_DEPRECATED_OBJC_IMPLEMENTATIONS = YES;
				CLANG_WARN_DIRECT_OBJC_ISA_USAGE = YES_ERROR;
				CLANG_WARN_DOCUMENTATION_COMMENTS = YES;
				CLANG_WARN_EMPTY_BODY = YES;
				CLANG_WARN_ENUM_CONVERSION = YES;
				CLANG_WARN_INFINITE_RECURSION = YES;
				CLANG_WARN_INT_CONVERSION = YES;
				CLANG_WARN_NON_LITERAL_NULL_CONVERSION = YES;
				CLANG_WARN_OBJC_IMPLICIT_RETAIN_SELF = YES;
				CLANG_WARN_OBJC_LITERAL_CONVERSION = YES;
				CLANG_WARN_OBJC_ROOT_CLASS = YES_ERROR;
				CLANG_WARN_RANGE_LOOP_ANALYSIS = YES;
				CLANG_WARN_STRICT_PROTOTYPES = YES;
				CLANG_WARN_SUSPICIOUS_MOVE = YES;
				CLANG_WARN_UNGUARDED_AVAILABILITY = YES_AGGRESSIVE;
				CLANG_WARN_UNREACHABLE_CODE = YES;
				CLANG_WARN__DUPLICATE_METHOD_MATCH = YES;
				COPY_PHASE_STRIP = NO;
				DEBUG_INFORMATION_FORMAT = "dwarf-with-dsym";
				ENABLE_NS_ASSERTIONS = NO;
				ENABLE_STRICT_OBJC_MSGSEND = YES;
				GCC_C_LANGUAGE_STANDARD = gnu11;
				GCC_NO_COMMON_BLOCKS = YES;
				GCC_WARN_64_TO_32_BIT_CONVERSION = YES;
				GCC_WARN_ABOUT_RETURN_TYPE = YES_ERROR;
				GCC_WARN_UNDECLARED_SELECTOR = YES;
				GCC_WARN_UNINITIALIZED_AUTOS = YES_AGGRESSIVE;
				GCC_WARN_UNUSED_FUNCTION = YES;
				GCC_WARN_UNUSED_VARIABLE = YES;
				IPHONEOS_DEPLOYMENT_TARGET = 13.4;
				MTL_ENABLE_DEBUG_INFO = NO;
				MTL_FAST_MATH = YES;
				SDKROOT = iphoneos;
				SWIFT_COMPILATION_MODE = wholemodule;
				SWIFT_OPTIMIZATION_LEVEL = "-O";
				VALIDATE_PRODUCT = YES;
			};
			name = Release;
		};
		8226FD8B24326ECF00FEA6E5 /* Debug */ = {
			isa = XCBuildConfiguration;
			buildSettings = {
				ASSETCATALOG_COMPILER_APPICON_NAME = AppIcon;
				CODE_SIGN_STYLE = Automatic;
				DEVELOPMENT_ASSET_PATHS = "\"project12/Preview Content\"";
				DEVELOPMENT_TEAM = 3CW5M334BA;
				ENABLE_PREVIEWS = YES;
				INFOPLIST_FILE = project12/Info.plist;
				LD_RUNPATH_SEARCH_PATHS = (
					"$(inherited)",
					"@executable_path/Frameworks",
				);
				PRODUCT_BUNDLE_IDENTIFIER = com.Sc0tt.project12;
				PRODUCT_NAME = "$(TARGET_NAME)";
				SWIFT_VERSION = 5.0;
				TARGETED_DEVICE_FAMILY = "1,2";
			};
			name = Debug;
		};
		8226FD8C24326ECF00FEA6E5 /* Release */ = {
			isa = XCBuildConfiguration;
			buildSettings = {
				ASSETCATALOG_COMPILER_APPICON_NAME = AppIcon;
				CODE_SIGN_STYLE = Automatic;
				DEVELOPMENT_ASSET_PATHS = "\"project12/Preview Content\"";
				DEVELOPMENT_TEAM = 3CW5M334BA;
				ENABLE_PREVIEWS = YES;
				INFOPLIST_FILE = project12/Info.plist;
				LD_RUNPATH_SEARCH_PATHS = (
					"$(inherited)",
					"@executable_path/Frameworks",
				);
				PRODUCT_BUNDLE_IDENTIFIER = com.Sc0tt.project12;
				PRODUCT_NAME = "$(TARGET_NAME)";
				SWIFT_VERSION = 5.0;
				TARGETED_DEVICE_FAMILY = "1,2";
			};
			name = Release;
		};
/* End XCBuildConfiguration section */

/* Begin XCConfigurationList section */
		8226FD6E24326ECD00FEA6E5 /* Build configuration list for PBXProject "project12" */ = {
			isa = XCConfigurationList;
			buildConfigurations = (
				8226FD8824326ECF00FEA6E5 /* Debug */,
				8226FD8924326ECF00FEA6E5 /* Release */,
			);
			defaultConfigurationIsVisible = 0;
			defaultConfigurationName = Release;
		};
		8226FD8A24326ECF00FEA6E5 /* Build configuration list for PBXNativeTarget "project12" */ = {
			isa = XCConfigurationList;
			buildConfigurations = (
				8226FD8B24326ECF00FEA6E5 /* Debug */,
				8226FD8C24326ECF00FEA6E5 /* Release */,
			);
			defaultConfigurationIsVisible = 0;
			defaultConfigurationName = Release;
		};
/* End XCConfigurationList section */

/* Begin XCVersionGroup section */
		8226FD7A24326ECE00FEA6E5 /* project12.xcdatamodeld */ = {
			isa = XCVersionGroup;
			children = (
				8226FD7B24326ECE00FEA6E5 /* project12.xcdatamodel */,
			);
			currentVersion = 8226FD7B24326ECE00FEA6E5 /* project12.xcdatamodel */;
			path = project12.xcdatamodeld;
			sourceTree = "<group>";
			versionGroupType = wrapper.xcdatamodel;
		};
/* End XCVersionGroup section */
	};
	rootObject = 8226FD6B24326ECD00FEA6E5 /* Project object */;
}
