// !$*UTF8*$!
{
	archiveVersion = 1;
	classes = {
	};
	objectVersion = 50;
	objects = {

/* Begin PBXBuildFile section */
		8272D5DB2446002E0070AB5A /* Card.swift in Sources */ = {isa = PBXBuildFile; fileRef = 8272D5DA2446002E0070AB5A /* Card.swift */; };
		8272D5DD244600EF0070AB5A /* CardView.swift in Sources */ = {isa = PBXBuildFile; fileRef = 8272D5DC244600EF0070AB5A /* CardView.swift */; };
		82D81B20244788A2000140FC /* EditCards.swift in Sources */ = {isa = PBXBuildFile; fileRef = 82D81B1F244788A2000140FC /* EditCards.swift */; };
		82F857902444BD7500E621A5 /* AppDelegate.swift in Sources */ = {isa = PBXBuildFile; fileRef = 82F8578F2444BD7500E621A5 /* AppDelegate.swift */; };
		82F857922444BD7500E621A5 /* SceneDelegate.swift in Sources */ = {isa = PBXBuildFile; fileRef = 82F857912444BD7500E621A5 /* SceneDelegate.swift */; };
		82F857942444BD7500E621A5 /* ContentView.swift in Sources */ = {isa = PBXBuildFile; fileRef = 82F857932444BD7500E621A5 /* ContentView.swift */; };
		82F857962444BD7E00E621A5 /* Assets.xcassets in Resources */ = {isa = PBXBuildFile; fileRef = 82F857952444BD7E00E621A5 /* Assets.xcassets */; };
		82F857992444BD7E00E621A5 /* Preview Assets.xcassets in Resources */ = {isa = PBXBuildFile; fileRef = 82F857982444BD7E00E621A5 /* Preview Assets.xcassets */; };
		82F8579C2444BD7E00E621A5 /* LaunchScreen.storyboard in Resources */ = {isa = PBXBuildFile; fileRef = 82F8579A2444BD7E00E621A5 /* LaunchScreen.storyboard */; };
/* End PBXBuildFile section */

/* Begin PBXFileReference section */
		8272D5DA2446002E0070AB5A /* Card.swift */ = {isa = PBXFileReference; lastKnownFileType = sourcecode.swift; path = Card.swift; sourceTree = "<group>"; };
		8272D5DC244600EF0070AB5A /* CardView.swift */ = {isa = PBXFileReference; lastKnownFileType = sourcecode.swift; path = CardView.swift; sourceTree = "<group>"; };
		82D81B1F244788A2000140FC /* EditCards.swift */ = {isa = PBXFileReference; lastKnownFileType = sourcecode.swift; path = EditCards.swift; sourceTree = "<group>"; };
		82F8578C2444BD7500E621A5 /* project17.app */ = {isa = PBXFileReference; explicitFileType = wrapper.application; includeInIndex = 0; path = project17.app; sourceTree = BUILT_PRODUCTS_DIR; };
		82F8578F2444BD7500E621A5 /* AppDelegate.swift */ = {isa = PBXFileReference; lastKnownFileType = sourcecode.swift; path = AppDelegate.swift; sourceTree = "<group>"; };
		82F857912444BD7500E621A5 /* SceneDelegate.swift */ = {isa = PBXFileReference; lastKnownFileType = sourcecode.swift; path = SceneDelegate.swift; sourceTree = "<group>"; };
		82F857932444BD7500E621A5 /* ContentView.swift */ = {isa = PBXFileReference; lastKnownFileType = sourcecode.swift; path = ContentView.swift; sourceTree = "<group>"; };
		82F857952444BD7E00E621A5 /* Assets.xcassets */ = {isa = PBXFileReference; lastKnownFileType = folder.assetcatalog; path = Assets.xcassets; sourceTree = "<group>"; };
		82F857982444BD7E00E621A5 /* Preview Assets.xcassets */ = {isa = PBXFileReference; lastKnownFileType = folder.assetcatalog; path = "Preview Assets.xcassets"; sourceTree = "<group>"; };
		82F8579B2444BD7E00E621A5 /* Base */ = {isa = PBXFileReference; lastKnownFileType = file.storyboard; name = Base; path = Base.lproj/LaunchScreen.storyboard; sourceTree = "<group>"; };
		82F8579D2444BD7E00E621A5 /* Info.plist */ = {isa = PBXFileReference; lastKnownFileType = text.plist.xml; path = Info.plist; sourceTree = "<group>"; };
/* End PBXFileReference section */

/* Begin PBXFrameworksBuildPhase section */
		82F857892444BD7500E621A5 /* Frameworks */ = {
			isa = PBXFrameworksBuildPhase;
			buildActionMask = 2147483647;
			files = (
			);
			runOnlyForDeploymentPostprocessing = 0;
		};
/* End PBXFrameworksBuildPhase section */

/* Begin PBXGroup section */
		82F857832444BD7400E621A5 = {
			isa = PBXGroup;
			children = (
				82F8578E2444BD7500E621A5 /* project17 */,
				82F8578D2444BD7500E621A5 /* Products */,
			);
			sourceTree = "<group>";
		};
		82F8578D2444BD7500E621A5 /* Products */ = {
			isa = PBXGroup;
			children = (
				82F8578C2444BD7500E621A5 /* project17.app */,
			);
			name = Products;
			sourceTree = "<group>";
		};
		82F8578E2444BD7500E621A5 /* project17 */ = {
			isa = PBXGroup;
			children = (
				82F8578F2444BD7500E621A5 /* AppDelegate.swift */,
				82F857912444BD7500E621A5 /* SceneDelegate.swift */,
				82F857932444BD7500E621A5 /* ContentView.swift */,
				8272D5DC244600EF0070AB5A /* CardView.swift */,
				82D81B1F244788A2000140FC /* EditCards.swift */,
				8272D5DA2446002E0070AB5A /* Card.swift */,
				82F857952444BD7E00E621A5 /* Assets.xcassets */,
				82F8579A2444BD7E00E621A5 /* LaunchScreen.storyboard */,
				82F8579D2444BD7E00E621A5 /* Info.plist */,
				82F857972444BD7E00E621A5 /* Preview Content */,
			);
			path = project17;
			sourceTree = "<group>";
		};
		82F857972444BD7E00E621A5 /* Preview Content */ = {
			isa = PBXGroup;
			children = (
				82F857982444BD7E00E621A5 /* Preview Assets.xcassets */,
			);
			path = "Preview Content";
			sourceTree = "<group>";
		};
/* End PBXGroup section */

/* Begin PBXNativeTarget section */
		82F8578B2444BD7500E621A5 /* project17 */ = {
			isa = PBXNativeTarget;
			buildConfigurationList = 82F857A02444BD7E00E621A5 /* Build configuration list for PBXNativeTarget "project17" */;
			buildPhases = (
				82F857882444BD7500E621A5 /* Sources */,
				82F857892444BD7500E621A5 /* Frameworks */,
				82F8578A2444BD7500E621A5 /* Resources */,
			);
			buildRules = (
			);
			dependencies = (
			);
			name = project17;
			productName = project17;
			productReference = 82F8578C2444BD7500E621A5 /* project17.app */;
			productType = "com.apple.product-type.application";
		};
/* End PBXNativeTarget section */

/* Begin PBXProject section */
		82F857842444BD7400E621A5 /* Project object */ = {
			isa = PBXProject;
			attributes = {
				LastSwiftUpdateCheck = 1140;
				LastUpgradeCheck = 1140;
				ORGANIZATIONNAME = Sc0tt;
				TargetAttributes = {
					82F8578B2444BD7500E621A5 = {
						CreatedOnToolsVersion = 11.4;
					};
				};
			};
			buildConfigurationList = 82F857872444BD7400E621A5 /* Build configuration list for PBXProject "project17" */;
			compatibilityVersion = "Xcode 9.3";
			developmentRegion = en;
			hasScannedForEncodings = 0;
			knownRegions = (
				en,
				Base,
			);
			mainGroup = 82F857832444BD7400E621A5;
			productRefGroup = 82F8578D2444BD7500E621A5 /* Products */;
			projectDirPath = "";
			projectRoot = "";
			targets = (
				82F8578B2444BD7500E621A5 /* project17 */,
			);
		};
/* End PBXProject section */

/* Begin PBXResourcesBuildPhase section */
		82F8578A2444BD7500E621A5 /* Resources */ = {
			isa = PBXResourcesBuildPhase;
			buildActionMask = 2147483647;
			files = (
				82F8579C2444BD7E00E621A5 /* LaunchScreen.storyboard in Resources */,
				82F857992444BD7E00E621A5 /* Preview Assets.xcassets in Resources */,
				82F857962444BD7E00E621A5 /* Assets.xcassets in Resources */,
			);
			runOnlyForDeploymentPostprocessing = 0;
		};
/* End PBXResourcesBuildPhase section */

/* Begin PBXSourcesBuildPhase section */
		82F857882444BD7500E621A5 /* Sources */ = {
			isa = PBXSourcesBuildPhase;
			buildActionMask = 2147483647;
			files = (
				82F857902444BD7500E621A5 /* AppDelegate.swift in Sources */,
				82F857922444BD7500E621A5 /* SceneDelegate.swift in Sources */,
				82F857942444BD7500E621A5 /* ContentView.swift in Sources */,
				82D81B20244788A2000140FC /* EditCards.swift in Sources */,
				8272D5DB2446002E0070AB5A /* Card.swift in Sources */,
				8272D5DD244600EF0070AB5A /* CardView.swift in Sources */,
			);
			runOnlyForDeploymentPostprocessing = 0;
		};
/* End PBXSourcesBuildPhase section */

/* Begin PBXVariantGroup section */
		82F8579A2444BD7E00E621A5 /* LaunchScreen.storyboard */ = {
			isa = PBXVariantGroup;
			children = (
				82F8579B2444BD7E00E621A5 /* Base */,
			);
			name = LaunchScreen.storyboard;
			sourceTree = "<group>";
		};
/* End PBXVariantGroup section */

/* Begin XCBuildConfiguration section */
		82F8579E2444BD7E00E621A5 /* Debug */ = {
			isa = XCBuildConfiguration;
			buildSettings = {
				ALWAYS_SEARCH_USER_PATHS = NO;
				CLANG_ANALYZER_NONNULL = YES;
				CLANG_ANALYZER_NUMBER_OBJECT_CONVERSION = YES_AGGRESSIVE;
				CLANG_CXX_LANGUAGE_STANDARD = "gnu++14";
				CLANG_CXX_LIBRARY = "libc++";
				CLANG_ENABLE_MODULES = YES;
				CLANG_ENABLE_OBJC_ARC = YES;
				CLANG_ENABLE_OBJC_WEAK = YES;
				CLANG_WARN_BLOCK_CAPTURE_AUTORELEASING = YES;
				CLANG_WARN_BOOL_CONVERSION = YES;
				CLANG_WARN_COMMA = YES;
				CLANG_WARN_CONSTANT_CONVERSION = YES;
				CLANG_WARN_DEPRECATED_OBJC_IMPLEMENTATIONS = YES;
				CLANG_WARN_DIRECT_OBJC_ISA_USAGE = YES_ERROR;
				CLANG_WARN_DOCUMENTATION_COMMENTS = YES;
				CLANG_WARN_EMPTY_BODY = YES;
				CLANG_WARN_ENUM_CONVERSION = YES;
				CLANG_WARN_INFINITE_RECURSION = YES;
				CLANG_WARN_INT_CONVERSION = YES;
				CLANG_WARN_NON_LITERAL_NULL_CONVERSION = YES;
				CLANG_WARN_OBJC_IMPLICIT_RETAIN_SELF = YES;
				CLANG_WARN_OBJC_LITERAL_CONVERSION = YES;
				CLANG_WARN_OBJC_ROOT_CLASS = YES_ERROR;
				CLANG_WARN_RANGE_LOOP_ANALYSIS = YES;
				CLANG_WARN_STRICT_PROTOTYPES = YES;
				CLANG_WARN_SUSPICIOUS_MOVE = YES;
				CLANG_WARN_UNGUARDED_AVAILABILITY = YES_AGGRESSIVE;
				CLANG_WARN_UNREACHABLE_CODE = YES;
				CLANG_WARN__DUPLICATE_METHOD_MATCH = YES;
				COPY_PHASE_STRIP = NO;
				DEBUG_INFORMATION_FORMAT = dwarf;
				ENABLE_STRICT_OBJC_MSGSEND = YES;
				ENABLE_TESTABILITY = YES;
				GCC_C_LANGUAGE_STANDARD = gnu11;
				GCC_DYNAMIC_NO_PIC = NO;
				GCC_NO_COMMON_BLOCKS = YES;
				GCC_OPTIMIZATION_LEVEL = 0;
				GCC_PREPROCESSOR_DEFINITIONS = (
					"DEBUG=1",
					"$(inherited)",
				);
				GCC_WARN_64_TO_32_BIT_CONVERSION = YES;
				GCC_WARN_ABOUT_RETURN_TYPE = YES_ERROR;
				GCC_WARN_UNDECLARED_SELECTOR = YES;
				GCC_WARN_UNINITIALIZED_AUTOS = YES_AGGRESSIVE;
				GCC_WARN_UNUSED_FUNCTION = YES;
				GCC_WARN_UNUSED_VARIABLE = YES;
				IPHONEOS_DEPLOYMENT_TARGET = 13.4;
				MTL_ENABLE_DEBUG_INFO = INCLUDE_SOURCE;
				MTL_FAST_MATH = YES;
				ONLY_ACTIVE_ARCH = YES;
				SDKROOT = iphoneos;
				SWIFT_ACTIVE_COMPILATION_CONDITIONS = DEBUG;
				SWIFT_OPTIMIZATION_LEVEL = "-Onone";
			};
			name = Debug;
		};
		82F8579F2444BD7E00E621A5 /* Release */ = {
			isa = XCBuildConfiguration;
			buildSettings = {
				ALWAYS_SEARCH_USER_PATHS = NO;
				CLANG_ANALYZER_NONNULL = YES;
				CLANG_ANALYZER_NUMBER_OBJECT_CONVERSION = YES_AGGRESSIVE;
				CLANG_CXX_LANGUAGE_STANDARD = "gnu++14";
				CLANG_CXX_LIBRARY = "libc++";
				CLANG_ENABLE_MODULES = YES;
				CLANG_ENABLE_OBJC_ARC = YES;
				CLANG_ENABLE_OBJC_WEAK = YES;
				CLANG_WARN_BLOCK_CAPTURE_AUTORELEASING = YES;
				CLANG_WARN_BOOL_CONVERSION = YES;
				CLANG_WARN_COMMA = YES;
				CLANG_WARN_CONSTANT_CONVERSION = YES;
				CLANG_WARN_DEPRECATED_OBJC_IMPLEMENTATIONS = YES;
				CLANG_WARN_DIRECT_OBJC_ISA_USAGE = YES_ERROR;
				CLANG_WARN_DOCUMENTATION_COMMENTS = YES;
				CLANG_WARN_EMPTY_BODY = YES;
				CLANG_WARN_ENUM_CONVERSION = YES;
				CLANG_WARN_INFINITE_RECURSION = YES;
				CLANG_WARN_INT_CONVERSION = YES;
				CLANG_WARN_NON_LITERAL_NULL_CONVERSION = YES;
				CLANG_WARN_OBJC_IMPLICIT_RETAIN_SELF = YES;
				CLANG_WARN_OBJC_LITERAL_CONVERSION = YES;
				CLANG_WARN_OBJC_ROOT_CLASS = YES_ERROR;
				CLANG_WARN_RANGE_LOOP_ANALYSIS = YES;
				CLANG_WARN_STRICT_PROTOTYPES = YES;
				CLANG_WARN_SUSPICIOUS_MOVE = YES;
				CLANG_WARN_UNGUARDED_AVAILABILITY = YES_AGGRESSIVE;
				CLANG_WARN_UNREACHABLE_CODE = YES;
				CLANG_WARN__DUPLICATE_METHOD_MATCH = YES;
				COPY_PHASE_STRIP = NO;
				DEBUG_INFORMATION_FORMAT = "dwarf-with-dsym";
				ENABLE_NS_ASSERTIONS = NO;
				ENABLE_STRICT_OBJC_MSGSEND = YES;
				GCC_C_LANGUAGE_STANDARD = gnu11;
				GCC_NO_COMMON_BLOCKS = YES;
				GCC_WARN_64_TO_32_BIT_CONVERSION = YES;
				GCC_WARN_ABOUT_RETURN_TYPE = YES_ERROR;
				GCC_WARN_UNDECLARED_SELECTOR = YES;
				GCC_WARN_UNINITIALIZED_AUTOS = YES_AGGRESSIVE;
				GCC_WARN_UNUSED_FUNCTION = YES;
				GCC_WARN_UNUSED_VARIABLE = YES;
				IPHONEOS_DEPLOYMENT_TARGET = 13.4;
				MTL_ENABLE_DEBUG_INFO = NO;
				MTL_FAST_MATH = YES;
				SDKROOT = iphoneos;
				SWIFT_COMPILATION_MODE = wholemodule;
				SWIFT_OPTIMIZATION_LEVEL = "-O";
				VALIDATE_PRODUCT = YES;
			};
			name = Release;
		};
		82F857A12444BD7E00E621A5 /* Debug */ = {
			isa = XCBuildConfiguration;
			buildSettings = {
				ASSETCATALOG_COMPILER_APPICON_NAME = AppIcon;
				CODE_SIGN_STYLE = Automatic;
				DEVELOPMENT_ASSET_PATHS = "\"project17/Preview Content\"";
				DEVELOPMENT_TEAM = 3CW5M334BA;
				ENABLE_PREVIEWS = YES;
				INFOPLIST_FILE = project17/Info.plist;
				LD_RUNPATH_SEARCH_PATHS = (
					"$(inherited)",
					"@executable_path/Frameworks",
				);
				PRODUCT_BUNDLE_IDENTIFIER = com.Sc0tt.project17;
				PRODUCT_NAME = "$(TARGET_NAME)";
				SWIFT_VERSION = 5.0;
				TARGETED_DEVICE_FAMILY = "1,2";
			};
			name = Debug;
		};
		82F857A22444BD7E00E621A5 /* Release */ = {
			isa = XCBuildConfiguration;
			buildSettings = {
				ASSETCATALOG_COMPILER_APPICON_NAME = AppIcon;
				CODE_SIGN_STYLE = Automatic;
				DEVELOPMENT_ASSET_PATHS = "\"project17/Preview Content\"";
				DEVELOPMENT_TEAM = 3CW5M334BA;
				ENABLE_PREVIEWS = YES;
				INFOPLIST_FILE = project17/Info.plist;
				LD_RUNPATH_SEARCH_PATHS = (
					"$(inherited)",
					"@executable_path/Frameworks",
				);
				PRODUCT_BUNDLE_IDENTIFIER = com.Sc0tt.project17;
				PRODUCT_NAME = "$(TARGET_NAME)";
				SWIFT_VERSION = 5.0;
				TARGETED_DEVICE_FAMILY = "1,2";
			};
			name = Release;
		};
/* End XCBuildConfiguration section */

/* Begin XCConfigurationList section */
		82F857872444BD7400E621A5 /* Build configuration list for PBXProject "project17" */ = {
			isa = XCConfigurationList;
			buildConfigurations = (
				82F8579E2444BD7E00E621A5 /* Debug */,
				82F8579F2444BD7E00E621A5 /* Release */,
			);
			defaultConfigurationIsVisible = 0;
			defaultConfigurationName = Release;
		};
		82F857A02444BD7E00E621A5 /* Build configuration list for PBXNativeTarget "project17" */ = {
			isa = XCConfigurationList;
			buildConfigurations = (
				82F857A12444BD7E00E621A5 /* Debug */,
				82F857A22444BD7E00E621A5 /* Release */,
			);
			defaultConfigurationIsVisible = 0;
			defaultConfigurationName = Release;
		};
/* End XCConfigurationList section */
	};
	rootObject = 82F857842444BD7400E621A5 /* Project object */;
}
