// !$*UTF8*$!
{
	archiveVersion = 1;
	classes = {
	};
	objectVersion = 50;
	objects = {

/* Begin PBXBuildFile section */
		82015C3A2402B07F00A52C5D /* AppDelegate.swift in Sources */ = {isa = PBXBuildFile; fileRef = 82015C392402B07F00A52C5D /* AppDelegate.swift */; };
		82015C3C2402B07F00A52C5D /* SceneDelegate.swift in Sources */ = {isa = PBXBuildFile; fileRef = 82015C3B2402B07F00A52C5D /* SceneDelegate.swift */; };
		82015C3E2402B07F00A52C5D /* ContentView.swift in Sources */ = {isa = PBXBuildFile; fileRef = 82015C3D2402B07F00A52C5D /* ContentView.swift */; };
		82015C402402B08300A52C5D /* Assets.xcassets in Resources */ = {isa = PBXBuildFile; fileRef = 82015C3F2402B08300A52C5D /* Assets.xcassets */; };
		82015C432402B08300A52C5D /* Preview Assets.xcassets in Resources */ = {isa = PBXBuildFile; fileRef = 82015C422402B08300A52C5D /* Preview Assets.xcassets */; };
		82015C462402B08300A52C5D /* LaunchScreen.storyboard in Resources */ = {isa = PBXBuildFile; fileRef = 82015C442402B08300A52C5D /* LaunchScreen.storyboard */; };
		82015C4E2402BCAD00A52C5D /* start.txt in Resources */ = {isa = PBXBuildFile; fileRef = 82015C4D2402BCAD00A52C5D /* start.txt */; };
/* End PBXBuildFile section */

/* Begin PBXFileReference section */
		82015C362402B07F00A52C5D /* project5.app */ = {isa = PBXFileReference; explicitFileType = wrapper.application; includeInIndex = 0; path = project5.app; sourceTree = BUILT_PRODUCTS_DIR; };
		82015C392402B07F00A52C5D /* AppDelegate.swift */ = {isa = PBXFileReference; lastKnownFileType = sourcecode.swift; path = AppDelegate.swift; sourceTree = "<group>"; };
		82015C3B2402B07F00A52C5D /* SceneDelegate.swift */ = {isa = PBXFileReference; lastKnownFileType = sourcecode.swift; path = SceneDelegate.swift; sourceTree = "<group>"; };
		82015C3D2402B07F00A52C5D /* ContentView.swift */ = {isa = PBXFileReference; lastKnownFileType = sourcecode.swift; path = ContentView.swift; sourceTree = "<group>"; };
		82015C3F2402B08300A52C5D /* Assets.xcassets */ = {isa = PBXFileReference; lastKnownFileType = folder.assetcatalog; path = Assets.xcassets; sourceTree = "<group>"; };
		82015C422402B08300A52C5D /* Preview Assets.xcassets */ = {isa = PBXFileReference; lastKnownFileType = folder.assetcatalog; path = "Preview Assets.xcassets"; sourceTree = "<group>"; };
		82015C452402B08300A52C5D /* Base */ = {isa = PBXFileReference; lastKnownFileType = file.storyboard; name = Base; path = Base.lproj/LaunchScreen.storyboard; sourceTree = "<group>"; };
		82015C472402B08300A52C5D /* Info.plist */ = {isa = PBXFileReference; lastKnownFileType = text.plist.xml; path = Info.plist; sourceTree = "<group>"; };
		82015C4D2402BCAD00A52C5D /* start.txt */ = {isa = PBXFileReference; fileEncoding = 4; lastKnownFileType = text; path = start.txt; sourceTree = "<group>"; };
/* End PBXFileReference section */

/* Begin PBXFrameworksBuildPhase section */
		82015C332402B07E00A52C5D /* Frameworks */ = {
			isa = PBXFrameworksBuildPhase;
			buildActionMask = 2147483647;
			files = (
			);
			runOnlyForDeploymentPostprocessing = 0;
		};
/* End PBXFrameworksBuildPhase section */

/* Begin PBXGroup section */
		82015C2D2402B07E00A52C5D = {
			isa = PBXGroup;
			children = (
				82015C382402B07F00A52C5D /* project5 */,
				82015C372402B07F00A52C5D /* Products */,
			);
			sourceTree = "<group>";
		};
		82015C372402B07F00A52C5D /* Products */ = {
			isa = PBXGroup;
			children = (
				82015C362402B07F00A52C5D /* project5.app */,
			);
			name = Products;
			sourceTree = "<group>";
		};
		82015C382402B07F00A52C5D /* project5 */ = {
			isa = PBXGroup;
			children = (
				82015C392402B07F00A52C5D /* AppDelegate.swift */,
				82015C3B2402B07F00A52C5D /* SceneDelegate.swift */,
				82015C3D2402B07F00A52C5D /* ContentView.swift */,
				82015C3F2402B08300A52C5D /* Assets.xcassets */,
				82015C442402B08300A52C5D /* LaunchScreen.storyboard */,
				82015C472402B08300A52C5D /* Info.plist */,
				82015C4D2402BCAD00A52C5D /* start.txt */,
				82015C412402B08300A52C5D /* Preview Content */,
			);
			path = project5;
			sourceTree = "<group>";
		};
		82015C412402B08300A52C5D /* Preview Content */ = {
			isa = PBXGroup;
			children = (
				82015C422402B08300A52C5D /* Preview Assets.xcassets */,
			);
			path = "Preview Content";
			sourceTree = "<group>";
		};
/* End PBXGroup section */

/* Begin PBXNativeTarget section */
		82015C352402B07E00A52C5D /* project5 */ = {
			isa = PBXNativeTarget;
			buildConfigurationList = 82015C4A2402B08300A52C5D /* Build configuration list for PBXNativeTarget "project5" */;
			buildPhases = (
				82015C322402B07E00A52C5D /* Sources */,
				82015C332402B07E00A52C5D /* Frameworks */,
				82015C342402B07E00A52C5D /* Resources */,
			);
			buildRules = (
			);
			dependencies = (
			);
			name = project5;
			productName = project5;
			productReference = 82015C362402B07F00A52C5D /* project5.app */;
			productType = "com.apple.product-type.application";
		};
/* End PBXNativeTarget section */

/* Begin PBXProject section */
		82015C2E2402B07E00A52C5D /* Project object */ = {
			isa = PBXProject;
			attributes = {
				LastSwiftUpdateCheck = 1140;
				LastUpgradeCheck = 1140;
				ORGANIZATIONNAME = Sc0tt;
				TargetAttributes = {
					82015C352402B07E00A52C5D = {
						CreatedOnToolsVersion = 11.4;
					};
				};
			};
			buildConfigurationList = 82015C312402B07E00A52C5D /* Build configuration list for PBXProject "project5" */;
			compatibilityVersion = "Xcode 9.3";
			developmentRegion = en;
			hasScannedForEncodings = 0;
			knownRegions = (
				en,
				Base,
			);
			mainGroup = 82015C2D2402B07E00A52C5D;
			productRefGroup = 82015C372402B07F00A52C5D /* Products */;
			projectDirPath = "";
			projectRoot = "";
			targets = (
				82015C352402B07E00A52C5D /* project5 */,
			);
		};
/* End PBXProject section */

/* Begin PBXResourcesBuildPhase section */
		82015C342402B07E00A52C5D /* Resources */ = {
			isa = PBXResourcesBuildPhase;
			buildActionMask = 2147483647;
			files = (
				82015C462402B08300A52C5D /* LaunchScreen.storyboard in Resources */,
				82015C4E2402BCAD00A52C5D /* start.txt in Resources */,
				82015C432402B08300A52C5D /* Preview Assets.xcassets in Resources */,
				82015C402402B08300A52C5D /* Assets.xcassets in Resources */,
			);
			runOnlyForDeploymentPostprocessing = 0;
		};
/* End PBXResourcesBuildPhase section */

/* Begin PBXSourcesBuildPhase section */
		82015C322402B07E00A52C5D /* Sources */ = {
			isa = PBXSourcesBuildPhase;
			buildActionMask = 2147483647;
			files = (
				82015C3A2402B07F00A52C5D /* AppDelegate.swift in Sources */,
				82015C3C2402B07F00A52C5D /* SceneDelegate.swift in Sources */,
				82015C3E2402B07F00A52C5D /* ContentView.swift in Sources */,
			);
			runOnlyForDeploymentPostprocessing = 0;
		};
/* End PBXSourcesBuildPhase section */

/* Begin PBXVariantGroup section */
		82015C442402B08300A52C5D /* LaunchScreen.storyboard */ = {
			isa = PBXVariantGroup;
			children = (
				82015C452402B08300A52C5D /* Base */,
			);
			name = LaunchScreen.storyboard;
			sourceTree = "<group>";
		};
/* End PBXVariantGroup section */

/* Begin XCBuildConfiguration section */
		82015C482402B08300A52C5D /* Debug */ = {
			isa = XCBuildConfiguration;
			buildSettings = {
				ALWAYS_SEARCH_USER_PATHS = NO;
				CLANG_ANALYZER_NONNULL = YES;
				CLANG_ANALYZER_NUMBER_OBJECT_CONVERSION = YES_AGGRESSIVE;
				CLANG_CXX_LANGUAGE_STANDARD = "gnu++14";
				CLANG_CXX_LIBRARY = "libc++";
				CLANG_ENABLE_MODULES = YES;
				CLANG_ENABLE_OBJC_ARC = YES;
				CLANG_ENABLE_OBJC_WEAK = YES;
				CLANG_WARN_BLOCK_CAPTURE_AUTORELEASING = YES;
				CLANG_WARN_BOOL_CONVERSION = YES;
				CLANG_WARN_COMMA = YES;
				CLANG_WARN_CONSTANT_CONVERSION = YES;
				CLANG_WARN_DEPRECATED_OBJC_IMPLEMENTATIONS = YES;
				CLANG_WARN_DIRECT_OBJC_ISA_USAGE = YES_ERROR;
				CLANG_WARN_DOCUMENTATION_COMMENTS = YES;
				CLANG_WARN_EMPTY_BODY = YES;
				CLANG_WARN_ENUM_CONVERSION = YES;
				CLANG_WARN_INFINITE_RECURSION = YES;
				CLANG_WARN_INT_CONVERSION = YES;
				CLANG_WARN_NON_LITERAL_NULL_CONVERSION = YES;
				CLANG_WARN_OBJC_IMPLICIT_RETAIN_SELF = YES;
				CLANG_WARN_OBJC_LITERAL_CONVERSION = YES;
				CLANG_WARN_OBJC_ROOT_CLASS = YES_ERROR;
				CLANG_WARN_RANGE_LOOP_ANALYSIS = YES;
				CLANG_WARN_STRICT_PROTOTYPES = YES;
				CLANG_WARN_SUSPICIOUS_MOVE = YES;
				CLANG_WARN_UNGUARDED_AVAILABILITY = YES_AGGRESSIVE;
				CLANG_WARN_UNREACHABLE_CODE = YES;
				CLANG_WARN__DUPLICATE_METHOD_MATCH = YES;
				COPY_PHASE_STRIP = NO;
				DEBUG_INFORMATION_FORMAT = dwarf;
				ENABLE_STRICT_OBJC_MSGSEND = YES;
				ENABLE_TESTABILITY = YES;
				GCC_C_LANGUAGE_STANDARD = gnu11;
				GCC_DYNAMIC_NO_PIC = NO;
				GCC_NO_COMMON_BLOCKS = YES;
				GCC_OPTIMIZATION_LEVEL = 0;
				GCC_PREPROCESSOR_DEFINITIONS = (
					"DEBUG=1",
					"$(inherited)",
				);
				GCC_WARN_64_TO_32_BIT_CONVERSION = YES;
				GCC_WARN_ABOUT_RETURN_TYPE = YES_ERROR;
				GCC_WARN_UNDECLARED_SELECTOR = YES;
				GCC_WARN_UNINITIALIZED_AUTOS = YES_AGGRESSIVE;
				GCC_WARN_UNUSED_FUNCTION = YES;
				GCC_WARN_UNUSED_VARIABLE = YES;
				IPHONEOS_DEPLOYMENT_TARGET = 13.4;
				MTL_ENABLE_DEBUG_INFO = INCLUDE_SOURCE;
				MTL_FAST_MATH = YES;
				ONLY_ACTIVE_ARCH = YES;
				SDKROOT = iphoneos;
				SWIFT_ACTIVE_COMPILATION_CONDITIONS = DEBUG;
				SWIFT_OPTIMIZATION_LEVEL = "-Onone";
			};
			name = Debug;
		};
		82015C492402B08300A52C5D /* Release */ = {
			isa = XCBuildConfiguration;
			buildSettings = {
				ALWAYS_SEARCH_USER_PATHS = NO;
				CLANG_ANALYZER_NONNULL = YES;
				CLANG_ANALYZER_NUMBER_OBJECT_CONVERSION = YES_AGGRESSIVE;
				CLANG_CXX_LANGUAGE_STANDARD = "gnu++14";
				CLANG_CXX_LIBRARY = "libc++";
				CLANG_ENABLE_MODULES = YES;
				CLANG_ENABLE_OBJC_ARC = YES;
				CLANG_ENABLE_OBJC_WEAK = YES;
				CLANG_WARN_BLOCK_CAPTURE_AUTORELEASING = YES;
				CLANG_WARN_BOOL_CONVERSION = YES;
				CLANG_WARN_COMMA = YES;
				CLANG_WARN_CONSTANT_CONVERSION = YES;
				CLANG_WARN_DEPRECATED_OBJC_IMPLEMENTATIONS = YES;
				CLANG_WARN_DIRECT_OBJC_ISA_USAGE = YES_ERROR;
				CLANG_WARN_DOCUMENTATION_COMMENTS = YES;
				CLANG_WARN_EMPTY_BODY = YES;
				CLANG_WARN_ENUM_CONVERSION = YES;
				CLANG_WARN_INFINITE_RECURSION = YES;
				CLANG_WARN_INT_CONVERSION = YES;
				CLANG_WARN_NON_LITERAL_NULL_CONVERSION = YES;
				CLANG_WARN_OBJC_IMPLICIT_RETAIN_SELF = YES;
				CLANG_WARN_OBJC_LITERAL_CONVERSION = YES;
				CLANG_WARN_OBJC_ROOT_CLASS = YES_ERROR;
				CLANG_WARN_RANGE_LOOP_ANALYSIS = YES;
				CLANG_WARN_STRICT_PROTOTYPES = YES;
				CLANG_WARN_SUSPICIOUS_MOVE = YES;
				CLANG_WARN_UNGUARDED_AVAILABILITY = YES_AGGRESSIVE;
				CLANG_WARN_UNREACHABLE_CODE = YES;
				CLANG_WARN__DUPLICATE_METHOD_MATCH = YES;
				COPY_PHASE_STRIP = NO;
				DEBUG_INFORMATION_FORMAT = "dwarf-with-dsym";
				ENABLE_NS_ASSERTIONS = NO;
				ENABLE_STRICT_OBJC_MSGSEND = YES;
				GCC_C_LANGUAGE_STANDARD = gnu11;
				GCC_NO_COMMON_BLOCKS = YES;
				GCC_WARN_64_TO_32_BIT_CONVERSION = YES;
				GCC_WARN_ABOUT_RETURN_TYPE = YES_ERROR;
				GCC_WARN_UNDECLARED_SELECTOR = YES;
				GCC_WARN_UNINITIALIZED_AUTOS = YES_AGGRESSIVE;
				GCC_WARN_UNUSED_FUNCTION = YES;
				GCC_WARN_UNUSED_VARIABLE = YES;
				IPHONEOS_DEPLOYMENT_TARGET = 13.4;
				MTL_ENABLE_DEBUG_INFO = NO;
				MTL_FAST_MATH = YES;
				SDKROOT = iphoneos;
				SWIFT_COMPILATION_MODE = wholemodule;
				SWIFT_OPTIMIZATION_LEVEL = "-O";
				VALIDATE_PRODUCT = YES;
			};
			name = Release;
		};
		82015C4B2402B08300A52C5D /* Debug */ = {
			isa = XCBuildConfiguration;
			buildSettings = {
				ASSETCATALOG_COMPILER_APPICON_NAME = AppIcon;
				CODE_SIGN_STYLE = Automatic;
				DEVELOPMENT_ASSET_PATHS = "\"project5/Preview Content\"";
				DEVELOPMENT_TEAM = 3CW5M334BA;
				ENABLE_PREVIEWS = YES;
				INFOPLIST_FILE = project5/Info.plist;
				LD_RUNPATH_SEARCH_PATHS = (
					"$(inherited)",
					"@executable_path/Frameworks",
				);
				PRODUCT_BUNDLE_IDENTIFIER = com.Sc0tt.project5;
				PRODUCT_NAME = "$(TARGET_NAME)";
				SWIFT_VERSION = 5.0;
				TARGETED_DEVICE_FAMILY = "1,2";
			};
			name = Debug;
		};
		82015C4C2402B08300A52C5D /* Release */ = {
			isa = XCBuildConfiguration;
			buildSettings = {
				ASSETCATALOG_COMPILER_APPICON_NAME = AppIcon;
				CODE_SIGN_STYLE = Automatic;
				DEVELOPMENT_ASSET_PATHS = "\"project5/Preview Content\"";
				DEVELOPMENT_TEAM = 3CW5M334BA;
				ENABLE_PREVIEWS = YES;
				INFOPLIST_FILE = project5/Info.plist;
				LD_RUNPATH_SEARCH_PATHS = (
					"$(inherited)",
					"@executable_path/Frameworks",
				);
				PRODUCT_BUNDLE_IDENTIFIER = com.Sc0tt.project5;
				PRODUCT_NAME = "$(TARGET_NAME)";
				SWIFT_VERSION = 5.0;
				TARGETED_DEVICE_FAMILY = "1,2";
			};
			name = Release;
		};
/* End XCBuildConfiguration section */

/* Begin XCConfigurationList section */
		82015C312402B07E00A52C5D /* Build configuration list for PBXProject "project5" */ = {
			isa = XCConfigurationList;
			buildConfigurations = (
				82015C482402B08300A52C5D /* Debug */,
				82015C492402B08300A52C5D /* Release */,
			);
			defaultConfigurationIsVisible = 0;
			defaultConfigurationName = Release;
		};
		82015C4A2402B08300A52C5D /* Build configuration list for PBXNativeTarget "project5" */ = {
			isa = XCConfigurationList;
			buildConfigurations = (
				82015C4B2402B08300A52C5D /* Debug */,
				82015C4C2402B08300A52C5D /* Release */,
			);
			defaultConfigurationIsVisible = 0;
			defaultConfigurationName = Release;
		};
/* End XCConfigurationList section */
	};
	rootObject = 82015C2E2402B07E00A52C5D /* Project object */;
}
